
Microsoft Visual Studio Solution File, Format Version 12.00
# Visual Studio 15
VisualStudioVersion = 15.0.28307.168
MinimumVisualStudioVersion = 10.0.40219.1
Project("{FAE04EC0-301F-11D3-BF4B-00C04F79EFBC}") = "01_NameSelector", "SeleniumCourse\01_NameSelector.csproj", "{D3F02DF2-98C8-4E7D-BA85-2BAB021899EC}"
EndProject
Project("{FAE04EC0-301F-11D3-BF4B-00C04F79EFBC}") = "02_IdSelector", "02_IdSelector\02_IdSelector.csproj", "{9DB3DEE6-7467-46D2-BEB7-30BB67B5E777}"
EndProject
Project("{FAE04EC0-301F-11D3-BF4B-00C04F79EFBC}") = "03_ClassNameSelector", "03_ClassNameSelector\03_ClassNameSelector.csproj", "{B8181219-0FE9-47E3-A1A1-A8967C398A8D}"
EndProject
Project("{FAE04EC0-301F-11D3-BF4B-00C04F79EFBC}") = "04_CssPathXPathSelector", "04_CssPathSelector\04_CssPathXPathSelector.csproj", "{8D718932-5378-4440-B4CA-7741571C5DDC}"
EndProject
Project("{FAE04EC0-301F-11D3-BF4B-00C04F79EFBC}") = "05_NoSuchElementException", "05_NoSuchElementException\05_NoSuchElementException.csproj", "{9952A6BE-A3F6-4AF9-B86E-7E9BD233C342}"
EndProject
Project("{FAE04EC0-301F-11D3-BF4B-00C04F79EFBC}") = "06_InputTextBox", "06_InputTextBox\06_InputTextBox.csproj", "{1CC38FBB-BE8B-4CE3-9373-3BFB3CF74B65}"
EndProject
Global
	GlobalSection(SolutionConfigurationPlatforms) = preSolution
		Debug|Any CPU = Debug|Any CPU
		Release|Any CPU = Release|Any CPU
	EndGlobalSection
	GlobalSection(ProjectConfigurationPlatforms) = postSolution
		{D3F02DF2-98C8-4E7D-BA85-2BAB021899EC}.Debug|Any CPU.ActiveCfg = Debug|Any CPU
		{D3F02DF2-98C8-4E7D-BA85-2BAB021899EC}.Debug|Any CPU.Build.0 = Debug|Any CPU
		{D3F02DF2-98C8-4E7D-BA85-2BAB021899EC}.Release|Any CPU.ActiveCfg = Release|Any CPU
		{D3F02DF2-98C8-4E7D-BA85-2BAB021899EC}.Release|Any CPU.Build.0 = Release|Any CPU
		{9DB3DEE6-7467-46D2-BEB7-30BB67B5E777}.Debug|Any CPU.ActiveCfg = Debug|Any CPU
		{9DB3DEE6-7467-46D2-BEB7-30BB67B5E777}.Debug|Any CPU.Build.0 = Debug|Any CPU
		{9DB3DEE6-7467-46D2-BEB7-30BB67B5E777}.Release|Any CPU.ActiveCfg = Release|Any CPU
		{9DB3DEE6-7467-46D2-BEB7-30BB67B5E777}.Release|Any CPU.Build.0 = Release|Any CPU
		{B8181219-0FE9-47E3-A1A1-A8967C398A8D}.Debug|Any CPU.ActiveCfg = Debug|Any CPU
		{B8181219-0FE9-47E3-A1A1-A8967C398A8D}.Debug|Any CPU.Build.0 = Debug|Any CPU
		{B8181219-0FE9-47E3-A1A1-A8967C398A8D}.Release|Any CPU.ActiveCfg = Release|Any CPU
		{B8181219-0FE9-47E3-A1A1-A8967C398A8D}.Release|Any CPU.Build.0 = Release|Any CPU
		{8D718932-5378-4440-B4CA-7741571C5DDC}.Debug|Any CPU.ActiveCfg = Debug|Any CPU
		{8D718932-5378-4440-B4CA-7741571C5DDC}.Debug|Any CPU.Build.0 = Debug|Any CPU
		{8D718932-5378-4440-B4CA-7741571C5DDC}.Release|Any CPU.ActiveCfg = Release|Any CPU
		{8D718932-5378-4440-B4CA-7741571C5DDC}.Release|Any CPU.Build.0 = Release|Any CPU
		{9952A6BE-A3F6-4AF9-B86E-7E9BD233C342}.Debug|Any CPU.ActiveCfg = Debug|Any CPU
		{9952A6BE-A3F6-4AF9-B86E-7E9BD233C342}.Debug|Any CPU.Build.0 = Debug|Any CPU
		{9952A6BE-A3F6-4AF9-B86E-7E9BD233C342}.Release|Any CPU.ActiveCfg = Release|Any CPU
		{9952A6BE-A3F6-4AF9-B86E-7E9BD233C342}.Release|Any CPU.Build.0 = Release|Any CPU
		{1CC38FBB-BE8B-4CE3-9373-3BFB3CF74B65}.Debug|Any CPU.ActiveCfg = Debug|Any CPU
		{1CC38FBB-BE8B-4CE3-9373-3BFB3CF74B65}.Debug|Any CPU.Build.0 = Debug|Any CPU
		{1CC38FBB-BE8B-4CE3-9373-3BFB3CF74B65}.Release|Any CPU.ActiveCfg = Release|Any CPU
		{1CC38FBB-BE8B-4CE3-9373-3BFB3CF74B65}.Release|Any CPU.Build.0 = Release|Any CPU
	EndGlobalSection
	GlobalSection(SolutionProperties) = preSolution
		HideSolutionNode = FALSE
	EndGlobalSection
	GlobalSection(ExtensibilityGlobals) = postSolution
		SolutionGuid = {26B0C786-E770-45DF-A624-FB397A935598}
	EndGlobalSection
EndGlobal
