
Microsoft Visual Studio Solution File, Format Version 12.00
# Visual Studio 15
VisualStudioVersion = 15.0.28307.168
MinimumVisualStudioVersion = 10.0.40219.1
Project("{FAE04EC0-301F-11D3-BF4B-00C04F79EFBC}") = "01_NameSelector", "SeleniumCourse\01_NameSelector.csproj", "{D3F02DF2-98C8-4E7D-BA85-2BAB021899EC}"
EndProject
Project("{FAE04EC0-301F-11D3-BF4B-00C04F79EFBC}") = "02_IdSelector", "02_IdSelector\02_IdSelector.csproj", "{9DB3DEE6-7467-46D2-BEB7-30BB67B5E777}"
EndProject
Project("{FAE04EC0-301F-11D3-BF4B-00C04F79EFBC}") = "03_ClassNameSelector", "03_ClassNameSelector\03_ClassNameSelector.csproj", "{B8181219-0FE9-47E3-A1A1-A8967C398A8D}"
EndProject
Project("{FAE04EC0-301F-11D3-BF4B-00C04F79EFBC}") = "04_CssPathXPathSelector", "04_CssPathSelector\04_CssPathXPathSelector.csproj", "{8D718932-5378-4440-B4CA-7741571C5DDC}"
EndProject
Project("{FAE04EC0-301F-11D3-BF4B-00C04F79EFBC}") = "05_NoSuchElementException", "05_NoSuchElementException\05_NoSuchElementException.csproj", "{9952A6BE-A3F6-4AF9-B86E-7E9BD233C342}"
EndProject
Project("{FAE04EC0-301F-11D3-BF4B-00C04F79EFBC}") = "06_InputTextBox", "06_InputTextBox\06_InputTextBox.csproj", "{1CC38FBB-BE8B-4CE3-9373-3BFB3CF74B65}"
EndProject
Project("{FAE04EC0-301F-11D3-BF4B-00C04F79EFBC}") = "07_Checkbox", "07_Checkbox\07_Checkbox.csproj", "{EFD0B12F-39E5-4627-A9DD-3628332FCF22}"
EndProject
Project("{FAE04EC0-301F-11D3-BF4B-00C04F79EFBC}") = "10_RadioButton", "08_RadioButton\10_RadioButton.csproj", "{8804B695-2426-4CC7-BA78-F19F8DF0A24C}"
EndProject
Project("{FAE04EC0-301F-11D3-BF4B-00C04F79EFBC}") = "12_DropDownMenu", "09_DropDownMenu\12_DropDownMenu.csproj", "{E1D850CE-1BAC-4C3C-ABDC-A5CBC7529416}"
EndProject
Project("{FAE04EC0-301F-11D3-BF4B-00C04F79EFBC}") = "14_AlertBox", "10_AlertBox\14_AlertBox.csproj", "{DAA40693-78D7-43A8-98EF-0C231C402579}"
EndProject
Project("{FAE04EC0-301F-11D3-BF4B-00C04F79EFBC}") = "08_CheckboxPart2", "08_CheckboxPart2\08_CheckboxPart2.csproj", "{A8DD6C11-116C-4AE0-B66A-739E606DB8F4}"
EndProject
Project("{FAE04EC0-301F-11D3-BF4B-00C04F79EFBC}") = "09_CheckboxPart3", "09_CheckboxPart3\09_CheckboxPart3.csproj", "{C1BCFBE5-8842-4BD2-8308-EF80BDC12696}"
EndProject
Project("{FAE04EC0-301F-11D3-BF4B-00C04F79EFBC}") = "11_RadioButtonPart2", "11_RadioButton\11_RadioButtonPart2.csproj", "{56CA8BA1-46E0-4B3D-9186-F21D6D551F59}"
EndProject
Project("{FAE04EC0-301F-11D3-BF4B-00C04F79EFBC}") = "TestScenario_LoginForm", "15_TestScenario_LoginForm\TestScenario_LoginForm.csproj", "{2CFD536E-5064-439F-ABD4-915202FAE626}"
EndProject
Project("{FAE04EC0-301F-11D3-BF4B-00C04F79EFBC}") = "TestScenario_RegisterForm", "16_TestScenario_RegisterForm\TestScenario_RegisterForm.csproj", "{3EE4C306-5ABE-473C-8417-DC8B6B08C2E2}"
EndProject
Project("{2150E333-8FDC-42A3-9474-1A3956D46DE8}") = "Test Scenarios", "Test Scenarios", "{B9AB3A71-3677-4A79-A470-495A7587E7C8}"
EndProject
Project("{FAE04EC0-301F-11D3-BF4B-00C04F79EFBC}") = "AutoTest", "AutoTest\AutoTest.csproj", "{712791B4-D8A0-484E-B8BB-D8E2BA4943E9}"
EndProject
Project("{2150E333-8FDC-42A3-9474-1A3956D46DE8}") = "Testing Philosophy", "Testing Philosophy", "{A97AD972-A7D8-435A-884D-670CEEFFA788}"
	ProjectSection(SolutionItems) = preProject
		Testing Philosophy\ExampleMindMap.xmind = Testing Philosophy\ExampleMindMap.xmind
	EndProjectSection
EndProject
Project("{FAE04EC0-301F-11D3-BF4B-00C04F79EFBC}") = "SeleniumScreenshot", "SeleniumScreenshot\SeleniumScreenshot.csproj", "{C6AB4A81-A6A1-453C-93EE-D16FC395D7AD}"
EndProject
Project("{FAE04EC0-301F-11D3-BF4B-00C04F79EFBC}") = "ElementLocations", "ElementLocations\ElementLocations.csproj", "{37F1922A-9E81-4F26-A4C6-72A360EB8895}"
EndProject
Project("{2150E333-8FDC-42A3-9474-1A3956D46DE8}") = "Selectors", "Selectors", "{49183A82-7ED6-4BCA-B031-1B730E3F21B6}"
EndProject
Project("{FAE04EC0-301F-11D3-BF4B-00C04F79EFBC}") = "UserlikeActions_A", "UserlikeActions\UserlikeActions_A.csproj", "{236B3360-D6AE-4A93-9CAC-FB549F29F306}"
EndProject
Project("{2150E333-8FDC-42A3-9474-1A3956D46DE8}") = "Userlike Actions", "Userlike Actions", "{B0C13397-1C02-41F3-A5FE-D8A42DCF7D30}"
EndProject
Project("{FAE04EC0-301F-11D3-BF4B-00C04F79EFBC}") = "UserlikeActions_B", "01_UserlikeActions\UserlikeActions_B.csproj", "{1F7327BF-BDCF-44FF-8187-32A23A529582}"
EndProject
Global
	GlobalSection(SolutionConfigurationPlatforms) = preSolution
		Debug|Any CPU = Debug|Any CPU
		Release|Any CPU = Release|Any CPU
	EndGlobalSection
	GlobalSection(ProjectConfigurationPlatforms) = postSolution
		{D3F02DF2-98C8-4E7D-BA85-2BAB021899EC}.Debug|Any CPU.ActiveCfg = Debug|Any CPU
		{D3F02DF2-98C8-4E7D-BA85-2BAB021899EC}.Debug|Any CPU.Build.0 = Debug|Any CPU
		{D3F02DF2-98C8-4E7D-BA85-2BAB021899EC}.Release|Any CPU.ActiveCfg = Release|Any CPU
		{D3F02DF2-98C8-4E7D-BA85-2BAB021899EC}.Release|Any CPU.Build.0 = Release|Any CPU
		{9DB3DEE6-7467-46D2-BEB7-30BB67B5E777}.Debug|Any CPU.ActiveCfg = Debug|Any CPU
		{9DB3DEE6-7467-46D2-BEB7-30BB67B5E777}.Debug|Any CPU.Build.0 = Debug|Any CPU
		{9DB3DEE6-7467-46D2-BEB7-30BB67B5E777}.Release|Any CPU.ActiveCfg = Release|Any CPU
		{9DB3DEE6-7467-46D2-BEB7-30BB67B5E777}.Release|Any CPU.Build.0 = Release|Any CPU
		{B8181219-0FE9-47E3-A1A1-A8967C398A8D}.Debug|Any CPU.ActiveCfg = Debug|Any CPU
		{B8181219-0FE9-47E3-A1A1-A8967C398A8D}.Debug|Any CPU.Build.0 = Debug|Any CPU
		{B8181219-0FE9-47E3-A1A1-A8967C398A8D}.Release|Any CPU.ActiveCfg = Release|Any CPU
		{B8181219-0FE9-47E3-A1A1-A8967C398A8D}.Release|Any CPU.Build.0 = Release|Any CPU
		{8D718932-5378-4440-B4CA-7741571C5DDC}.Debug|Any CPU.ActiveCfg = Debug|Any CPU
		{8D718932-5378-4440-B4CA-7741571C5DDC}.Debug|Any CPU.Build.0 = Debug|Any CPU
		{8D718932-5378-4440-B4CA-7741571C5DDC}.Release|Any CPU.ActiveCfg = Release|Any CPU
		{8D718932-5378-4440-B4CA-7741571C5DDC}.Release|Any CPU.Build.0 = Release|Any CPU
		{9952A6BE-A3F6-4AF9-B86E-7E9BD233C342}.Debug|Any CPU.ActiveCfg = Debug|Any CPU
		{9952A6BE-A3F6-4AF9-B86E-7E9BD233C342}.Debug|Any CPU.Build.0 = Debug|Any CPU
		{9952A6BE-A3F6-4AF9-B86E-7E9BD233C342}.Release|Any CPU.ActiveCfg = Release|Any CPU
		{9952A6BE-A3F6-4AF9-B86E-7E9BD233C342}.Release|Any CPU.Build.0 = Release|Any CPU
		{1CC38FBB-BE8B-4CE3-9373-3BFB3CF74B65}.Debug|Any CPU.ActiveCfg = Debug|Any CPU
		{1CC38FBB-BE8B-4CE3-9373-3BFB3CF74B65}.Debug|Any CPU.Build.0 = Debug|Any CPU
		{1CC38FBB-BE8B-4CE3-9373-3BFB3CF74B65}.Release|Any CPU.ActiveCfg = Release|Any CPU
		{1CC38FBB-BE8B-4CE3-9373-3BFB3CF74B65}.Release|Any CPU.Build.0 = Release|Any CPU
		{EFD0B12F-39E5-4627-A9DD-3628332FCF22}.Debug|Any CPU.ActiveCfg = Debug|Any CPU
		{EFD0B12F-39E5-4627-A9DD-3628332FCF22}.Debug|Any CPU.Build.0 = Debug|Any CPU
		{EFD0B12F-39E5-4627-A9DD-3628332FCF22}.Release|Any CPU.ActiveCfg = Release|Any CPU
		{EFD0B12F-39E5-4627-A9DD-3628332FCF22}.Release|Any CPU.Build.0 = Release|Any CPU
		{8804B695-2426-4CC7-BA78-F19F8DF0A24C}.Debug|Any CPU.ActiveCfg = Debug|Any CPU
		{8804B695-2426-4CC7-BA78-F19F8DF0A24C}.Debug|Any CPU.Build.0 = Debug|Any CPU
		{8804B695-2426-4CC7-BA78-F19F8DF0A24C}.Release|Any CPU.ActiveCfg = Release|Any CPU
		{8804B695-2426-4CC7-BA78-F19F8DF0A24C}.Release|Any CPU.Build.0 = Release|Any CPU
		{E1D850CE-1BAC-4C3C-ABDC-A5CBC7529416}.Debug|Any CPU.ActiveCfg = Debug|Any CPU
		{E1D850CE-1BAC-4C3C-ABDC-A5CBC7529416}.Debug|Any CPU.Build.0 = Debug|Any CPU
		{E1D850CE-1BAC-4C3C-ABDC-A5CBC7529416}.Release|Any CPU.ActiveCfg = Release|Any CPU
		{E1D850CE-1BAC-4C3C-ABDC-A5CBC7529416}.Release|Any CPU.Build.0 = Release|Any CPU
		{DAA40693-78D7-43A8-98EF-0C231C402579}.Debug|Any CPU.ActiveCfg = Debug|Any CPU
		{DAA40693-78D7-43A8-98EF-0C231C402579}.Debug|Any CPU.Build.0 = Debug|Any CPU
		{DAA40693-78D7-43A8-98EF-0C231C402579}.Release|Any CPU.ActiveCfg = Release|Any CPU
		{DAA40693-78D7-43A8-98EF-0C231C402579}.Release|Any CPU.Build.0 = Release|Any CPU
		{A8DD6C11-116C-4AE0-B66A-739E606DB8F4}.Debug|Any CPU.ActiveCfg = Debug|Any CPU
		{A8DD6C11-116C-4AE0-B66A-739E606DB8F4}.Debug|Any CPU.Build.0 = Debug|Any CPU
		{A8DD6C11-116C-4AE0-B66A-739E606DB8F4}.Release|Any CPU.ActiveCfg = Release|Any CPU
		{A8DD6C11-116C-4AE0-B66A-739E606DB8F4}.Release|Any CPU.Build.0 = Release|Any CPU
		{C1BCFBE5-8842-4BD2-8308-EF80BDC12696}.Debug|Any CPU.ActiveCfg = Debug|Any CPU
		{C1BCFBE5-8842-4BD2-8308-EF80BDC12696}.Debug|Any CPU.Build.0 = Debug|Any CPU
		{C1BCFBE5-8842-4BD2-8308-EF80BDC12696}.Release|Any CPU.ActiveCfg = Release|Any CPU
		{C1BCFBE5-8842-4BD2-8308-EF80BDC12696}.Release|Any CPU.Build.0 = Release|Any CPU
		{56CA8BA1-46E0-4B3D-9186-F21D6D551F59}.Debug|Any CPU.ActiveCfg = Debug|Any CPU
		{56CA8BA1-46E0-4B3D-9186-F21D6D551F59}.Debug|Any CPU.Build.0 = Debug|Any CPU
		{56CA8BA1-46E0-4B3D-9186-F21D6D551F59}.Release|Any CPU.ActiveCfg = Release|Any CPU
		{56CA8BA1-46E0-4B3D-9186-F21D6D551F59}.Release|Any CPU.Build.0 = Release|Any CPU
		{2CFD536E-5064-439F-ABD4-915202FAE626}.Debug|Any CPU.ActiveCfg = Debug|Any CPU
		{2CFD536E-5064-439F-ABD4-915202FAE626}.Debug|Any CPU.Build.0 = Debug|Any CPU
		{2CFD536E-5064-439F-ABD4-915202FAE626}.Release|Any CPU.ActiveCfg = Release|Any CPU
		{2CFD536E-5064-439F-ABD4-915202FAE626}.Release|Any CPU.Build.0 = Release|Any CPU
		{3EE4C306-5ABE-473C-8417-DC8B6B08C2E2}.Debug|Any CPU.ActiveCfg = Debug|Any CPU
		{3EE4C306-5ABE-473C-8417-DC8B6B08C2E2}.Debug|Any CPU.Build.0 = Debug|Any CPU
		{3EE4C306-5ABE-473C-8417-DC8B6B08C2E2}.Release|Any CPU.ActiveCfg = Release|Any CPU
		{3EE4C306-5ABE-473C-8417-DC8B6B08C2E2}.Release|Any CPU.Build.0 = Release|Any CPU
		{712791B4-D8A0-484E-B8BB-D8E2BA4943E9}.Debug|Any CPU.ActiveCfg = Debug|Any CPU
		{712791B4-D8A0-484E-B8BB-D8E2BA4943E9}.Debug|Any CPU.Build.0 = Debug|Any CPU
		{712791B4-D8A0-484E-B8BB-D8E2BA4943E9}.Release|Any CPU.ActiveCfg = Release|Any CPU
		{712791B4-D8A0-484E-B8BB-D8E2BA4943E9}.Release|Any CPU.Build.0 = Release|Any CPU
		{C6AB4A81-A6A1-453C-93EE-D16FC395D7AD}.Debug|Any CPU.ActiveCfg = Debug|Any CPU
		{C6AB4A81-A6A1-453C-93EE-D16FC395D7AD}.Debug|Any CPU.Build.0 = Debug|Any CPU
		{C6AB4A81-A6A1-453C-93EE-D16FC395D7AD}.Release|Any CPU.ActiveCfg = Release|Any CPU
		{C6AB4A81-A6A1-453C-93EE-D16FC395D7AD}.Release|Any CPU.Build.0 = Release|Any CPU
		{37F1922A-9E81-4F26-A4C6-72A360EB8895}.Debug|Any CPU.ActiveCfg = Debug|Any CPU
		{37F1922A-9E81-4F26-A4C6-72A360EB8895}.Debug|Any CPU.Build.0 = Debug|Any CPU
		{37F1922A-9E81-4F26-A4C6-72A360EB8895}.Release|Any CPU.ActiveCfg = Release|Any CPU
		{37F1922A-9E81-4F26-A4C6-72A360EB8895}.Release|Any CPU.Build.0 = Release|Any CPU
		{236B3360-D6AE-4A93-9CAC-FB549F29F306}.Debug|Any CPU.ActiveCfg = Debug|Any CPU
		{236B3360-D6AE-4A93-9CAC-FB549F29F306}.Debug|Any CPU.Build.0 = Debug|Any CPU
		{236B3360-D6AE-4A93-9CAC-FB549F29F306}.Release|Any CPU.ActiveCfg = Release|Any CPU
		{236B3360-D6AE-4A93-9CAC-FB549F29F306}.Release|Any CPU.Build.0 = Release|Any CPU
		{1F7327BF-BDCF-44FF-8187-32A23A529582}.Debug|Any CPU.ActiveCfg = Debug|Any CPU
		{1F7327BF-BDCF-44FF-8187-32A23A529582}.Debug|Any CPU.Build.0 = Debug|Any CPU
		{1F7327BF-BDCF-44FF-8187-32A23A529582}.Release|Any CPU.ActiveCfg = Release|Any CPU
		{1F7327BF-BDCF-44FF-8187-32A23A529582}.Release|Any CPU.Build.0 = Release|Any CPU
	EndGlobalSection
	GlobalSection(SolutionProperties) = preSolution
		HideSolutionNode = FALSE
	EndGlobalSection
	GlobalSection(NestedProjects) = preSolution
		{D3F02DF2-98C8-4E7D-BA85-2BAB021899EC} = {49183A82-7ED6-4BCA-B031-1B730E3F21B6}
		{9DB3DEE6-7467-46D2-BEB7-30BB67B5E777} = {49183A82-7ED6-4BCA-B031-1B730E3F21B6}
		{B8181219-0FE9-47E3-A1A1-A8967C398A8D} = {49183A82-7ED6-4BCA-B031-1B730E3F21B6}
		{8D718932-5378-4440-B4CA-7741571C5DDC} = {49183A82-7ED6-4BCA-B031-1B730E3F21B6}
		{9952A6BE-A3F6-4AF9-B86E-7E9BD233C342} = {49183A82-7ED6-4BCA-B031-1B730E3F21B6}
		{1CC38FBB-BE8B-4CE3-9373-3BFB3CF74B65} = {49183A82-7ED6-4BCA-B031-1B730E3F21B6}
		{EFD0B12F-39E5-4627-A9DD-3628332FCF22} = {49183A82-7ED6-4BCA-B031-1B730E3F21B6}
		{8804B695-2426-4CC7-BA78-F19F8DF0A24C} = {49183A82-7ED6-4BCA-B031-1B730E3F21B6}
		{E1D850CE-1BAC-4C3C-ABDC-A5CBC7529416} = {49183A82-7ED6-4BCA-B031-1B730E3F21B6}
		{DAA40693-78D7-43A8-98EF-0C231C402579} = {49183A82-7ED6-4BCA-B031-1B730E3F21B6}
		{A8DD6C11-116C-4AE0-B66A-739E606DB8F4} = {49183A82-7ED6-4BCA-B031-1B730E3F21B6}
		{C1BCFBE5-8842-4BD2-8308-EF80BDC12696} = {49183A82-7ED6-4BCA-B031-1B730E3F21B6}
		{56CA8BA1-46E0-4B3D-9186-F21D6D551F59} = {49183A82-7ED6-4BCA-B031-1B730E3F21B6}
		{2CFD536E-5064-439F-ABD4-915202FAE626} = {B9AB3A71-3677-4A79-A470-495A7587E7C8}
		{3EE4C306-5ABE-473C-8417-DC8B6B08C2E2} = {B9AB3A71-3677-4A79-A470-495A7587E7C8}
		{236B3360-D6AE-4A93-9CAC-FB549F29F306} = {B0C13397-1C02-41F3-A5FE-D8A42DCF7D30}
		{1F7327BF-BDCF-44FF-8187-32A23A529582} = {B0C13397-1C02-41F3-A5FE-D8A42DCF7D30}
	EndGlobalSection
	GlobalSection(ExtensibilityGlobals) = postSolution
		SolutionGuid = {26B0C786-E770-45DF-A624-FB397A935598}
	EndGlobalSection
EndGlobal
